
Microsoft Visual Studio Solution File, Format Version 12.00
# Visual Studio Version 17
VisualStudioVersion = 17.3.32825.248
MinimumVisualStudioVersion = 10.0.40219.1
Project("{9A19103F-16F7-4668-BE54-9A1E7A4F7556}") = "DaviWebsite", "DaviWebsite.csproj", "{DEFFFDE8-9088-414B-90A8-BD1CB3953102}"
EndProject
Global
	GlobalSection(SolutionConfigurationPlatforms) = preSolution
		Debug|Any CPU = Debug|Any CPU
		Release|Any CPU = Release|Any CPU
	EndGlobalSection
	GlobalSection(ProjectConfigurationPlatforms) = postSolution
		{DEFFFDE8-9088-414B-90A8-BD1CB3953102}.Debug|Any CPU.ActiveCfg = Debug|Any CPU
		{DEFFFDE8-9088-414B-90A8-BD1CB3953102}.Debug|Any CPU.Build.0 = Debug|Any CPU
		{DEFFFDE8-9088-414B-90A8-BD1CB3953102}.Release|Any CPU.ActiveCfg = Release|Any CPU
		{DEFFFDE8-9088-414B-90A8-BD1CB3953102}.Release|Any CPU.Build.0 = Release|Any CPU
	EndGlobalSection
	GlobalSection(SolutionProperties) = preSolution
		HideSolutionNode = FALSE
	EndGlobalSection
	GlobalSection(ExtensibilityGlobals) = postSolution
		SolutionGuid = {02F67726-6C08-4895-9713-850C562D1737}
	EndGlobalSection
EndGlobal
